
Microsoft Visual Studio Solution File, Format Version 12.00
# Visual Studio Version 17
VisualStudioVersion = 17.8.34330.188
MinimumVisualStudioVersion = 10.0.40219.1
Project("{2150E333-8FDC-42A3-9474-1A3956D46DE8}") = "src", "src", "{C9445077-8A97-4CE1-88C7-1CE3CED1A8A7}"
EndProject
Project("{2150E333-8FDC-42A3-9474-1A3956D46DE8}") = "BackEnd", "BackEnd", "{FCC2046E-7F00-44F7-B18E-EC5CD1B62EC9}"
EndProject
Project("{2150E333-8FDC-42A3-9474-1A3956D46DE8}") = "FrontEnd", "FrontEnd", "{3348BDF7-7FA8-4C28-8510-F02E2D5B14E9}"
EndProject
Project("{2150E333-8FDC-42A3-9474-1A3956D46DE8}") = "Common", "Common", "{2136E226-4856-4E52-97C7-50C401982B0F}"
EndProject
Project("{2150E333-8FDC-42A3-9474-1A3956D46DE8}") = "Infraestructure", "Infraestructure", "{AD6388AF-8B5D-4D76-9209-CC408773ED03}"
EndProject
Project("{9A19103F-16F7-4668-BE54-9A1E7A4F7556}") = "BoletoBus.Common.Data", "BoletoBus.Common.Data\BoletoBus.Common.Data.csproj", "{19A73BAF-6E72-4EDE-81FB-F4D757F4C69B}"
EndProject
Project("{9A19103F-16F7-4668-BE54-9A1E7A4F7556}") = "BoletoBus.Infraestructure", "BoletoBus.Infraestructure.Data\BoletoBus.Infraestructure.csproj", "{DFAEE719-2F7F-4699-8839-4C04989A3976}"
EndProject
Project("{2150E333-8FDC-42A3-9474-1A3956D46DE8}") = "Modules", "Modules", "{93707418-9DBD-45B4-A37E-85C9ECE1F08C}"
EndProject
Project("{2150E333-8FDC-42A3-9474-1A3956D46DE8}") = "BoletoBus Management", "BoletoBus Management", "{14C5CE03-B029-4C83-9220-69FACF582670}"
EndProject
Project("{2150E333-8FDC-42A3-9474-1A3956D46DE8}") = "Apis", "Apis", "{17820509-8916-4DDA-B60D-60DF75B2E04C}"
EndProject
Project("{2150E333-8FDC-42A3-9474-1A3956D46DE8}") = "Application", "Application", "{7AFF701A-BCAA-42B2-9776-BCD574931FEE}"
EndProject
Project("{2150E333-8FDC-42A3-9474-1A3956D46DE8}") = "Domain", "Domain", "{9579EC4B-7B98-478D-B303-2052FD1BD243}"
EndProject
Project("{2150E333-8FDC-42A3-9474-1A3956D46DE8}") = "Persistence", "Persistence", "{69D04CAB-BB77-4292-9563-44FF005F99A8}"
EndProject
Project("{9A19103F-16F7-4668-BE54-9A1E7A4F7556}") = "BoletoBus.Asiento.Api", "BoletoBus.Asiento.Api\BoletoBus.Asiento.Api.csproj", "{85FBC52D-2A64-42E6-86C5-D18226BE8726}"
EndProject
Project("{9A19103F-16F7-4668-BE54-9A1E7A4F7556}") = "BoletoBus.Bus.Api", "BoletoBus.Bus.Api\BoletoBus.Bus.Api.csproj", "{506A7CC5-227B-458A-85EA-96F84F042260}"
EndProject
Project("{9A19103F-16F7-4668-BE54-9A1E7A4F7556}") = "BoletoBus.Ruta.Api", "BoletoBus.Ruta.Api\BoletoBus.Ruta.Api.csproj", "{92B019CC-F063-4B46-AE20-DDC375623EBC}"
EndProject
Project("{9A19103F-16F7-4668-BE54-9A1E7A4F7556}") = "BoletoBus.Usuario.Api", "BoletoBus.Usuario.Api\BoletoBus.Usuario.Api.csproj", "{B3E31570-FD02-4E3F-8A2D-52096CCE3AE4}"
EndProject
Project("{9A19103F-16F7-4668-BE54-9A1E7A4F7556}") = "BoletoBus.Bus.Application", "BoletoBus.Bus.Application\BoletoBus.Bus.Application.csproj", "{672CC5B3-87ED-4B5F-ABAA-6AC56F388AE9}"
EndProject
Project("{9A19103F-16F7-4668-BE54-9A1E7A4F7556}") = "BoletoBus.Asiento.Application", "BoletoBus.Asiento.Application\BoletoBus.Asiento.Application.csproj", "{88DBFC1B-5741-4D22-B854-3BA6B9602649}"
EndProject
Project("{9A19103F-16F7-4668-BE54-9A1E7A4F7556}") = "BoletoBus.Ruta.Application", "BoletoBus.Ruta.Application\BoletoBus.Ruta.Application.csproj", "{304D8B5D-2AEE-426A-87EE-0EA5B98EBC23}"
EndProject
Project("{9A19103F-16F7-4668-BE54-9A1E7A4F7556}") = "BoletoBus.Usuario.Application", "BoletoBus.Usuario.Application\BoletoBus.Usuario.Application.csproj", "{AD400E1A-B06B-47CB-BB38-9B95A08E6992}"
EndProject
Project("{9A19103F-16F7-4668-BE54-9A1E7A4F7556}") = "BoletoBus.Asiento.Domain", "BoletoBus.Asiento.Domain\BoletoBus.Asiento.Domain.csproj", "{9150F07D-278A-4A99-B6EA-479749E14670}"
EndProject
Project("{9A19103F-16F7-4668-BE54-9A1E7A4F7556}") = "BoletoBus.Ruta.Domain", "BoletoBus.Ruta.Domain\BoletoBus.Ruta.Domain.csproj", "{0F41B0DA-04B6-44BF-BFCD-AF8075946BA7}"
EndProject
Project("{FAE04EC0-301F-11D3-BF4B-00C04F79EFBC}") = "BoletoBus.Bus.Domain", "BoletoBus.Bus.Domain\BoletoBus.Bus.Domain.csproj", "{D19704C0-A550-454C-9EF0-5736034DE48D}"
EndProject
Project("{FAE04EC0-301F-11D3-BF4B-00C04F79EFBC}") = "BoletoBus.Usuario.Domain", "BoletoBus.Usuario.Domain\BoletoBus.Usuario.Domain.csproj", "{746C2CF3-E314-4960-811D-F1B16AB516D8}"
EndProject
Global
	GlobalSection(SolutionConfigurationPlatforms) = preSolution
		Debug|Any CPU = Debug|Any CPU
		Release|Any CPU = Release|Any CPU
	EndGlobalSection
	GlobalSection(ProjectConfigurationPlatforms) = postSolution
		{19A73BAF-6E72-4EDE-81FB-F4D757F4C69B}.Debug|Any CPU.ActiveCfg = Debug|Any CPU
		{19A73BAF-6E72-4EDE-81FB-F4D757F4C69B}.Debug|Any CPU.Build.0 = Debug|Any CPU
		{19A73BAF-6E72-4EDE-81FB-F4D757F4C69B}.Release|Any CPU.ActiveCfg = Release|Any CPU
		{19A73BAF-6E72-4EDE-81FB-F4D757F4C69B}.Release|Any CPU.Build.0 = Release|Any CPU
		{DFAEE719-2F7F-4699-8839-4C04989A3976}.Debug|Any CPU.ActiveCfg = Debug|Any CPU
		{DFAEE719-2F7F-4699-8839-4C04989A3976}.Debug|Any CPU.Build.0 = Debug|Any CPU
		{DFAEE719-2F7F-4699-8839-4C04989A3976}.Release|Any CPU.ActiveCfg = Release|Any CPU
		{DFAEE719-2F7F-4699-8839-4C04989A3976}.Release|Any CPU.Build.0 = Release|Any CPU
		{85FBC52D-2A64-42E6-86C5-D18226BE8726}.Debug|Any CPU.ActiveCfg = Debug|Any CPU
		{85FBC52D-2A64-42E6-86C5-D18226BE8726}.Debug|Any CPU.Build.0 = Debug|Any CPU
		{85FBC52D-2A64-42E6-86C5-D18226BE8726}.Release|Any CPU.ActiveCfg = Release|Any CPU
		{85FBC52D-2A64-42E6-86C5-D18226BE8726}.Release|Any CPU.Build.0 = Release|Any CPU
		{506A7CC5-227B-458A-85EA-96F84F042260}.Debug|Any CPU.ActiveCfg = Debug|Any CPU
		{506A7CC5-227B-458A-85EA-96F84F042260}.Debug|Any CPU.Build.0 = Debug|Any CPU
		{506A7CC5-227B-458A-85EA-96F84F042260}.Release|Any CPU.ActiveCfg = Release|Any CPU
		{506A7CC5-227B-458A-85EA-96F84F042260}.Release|Any CPU.Build.0 = Release|Any CPU
		{92B019CC-F063-4B46-AE20-DDC375623EBC}.Debug|Any CPU.ActiveCfg = Debug|Any CPU
		{92B019CC-F063-4B46-AE20-DDC375623EBC}.Debug|Any CPU.Build.0 = Debug|Any CPU
		{92B019CC-F063-4B46-AE20-DDC375623EBC}.Release|Any CPU.ActiveCfg = Release|Any CPU
		{92B019CC-F063-4B46-AE20-DDC375623EBC}.Release|Any CPU.Build.0 = Release|Any CPU
		{B3E31570-FD02-4E3F-8A2D-52096CCE3AE4}.Debug|Any CPU.ActiveCfg = Debug|Any CPU
		{B3E31570-FD02-4E3F-8A2D-52096CCE3AE4}.Debug|Any CPU.Build.0 = Debug|Any CPU
		{B3E31570-FD02-4E3F-8A2D-52096CCE3AE4}.Release|Any CPU.ActiveCfg = Release|Any CPU
		{B3E31570-FD02-4E3F-8A2D-52096CCE3AE4}.Release|Any CPU.Build.0 = Release|Any CPU
		{672CC5B3-87ED-4B5F-ABAA-6AC56F388AE9}.Debug|Any CPU.ActiveCfg = Debug|Any CPU
		{672CC5B3-87ED-4B5F-ABAA-6AC56F388AE9}.Debug|Any CPU.Build.0 = Debug|Any CPU
		{672CC5B3-87ED-4B5F-ABAA-6AC56F388AE9}.Release|Any CPU.ActiveCfg = Release|Any CPU
		{672CC5B3-87ED-4B5F-ABAA-6AC56F388AE9}.Release|Any CPU.Build.0 = Release|Any CPU
		{88DBFC1B-5741-4D22-B854-3BA6B9602649}.Debug|Any CPU.ActiveCfg = Debug|Any CPU
		{88DBFC1B-5741-4D22-B854-3BA6B9602649}.Debug|Any CPU.Build.0 = Debug|Any CPU
		{88DBFC1B-5741-4D22-B854-3BA6B9602649}.Release|Any CPU.ActiveCfg = Release|Any CPU
		{88DBFC1B-5741-4D22-B854-3BA6B9602649}.Release|Any CPU.Build.0 = Release|Any CPU
		{304D8B5D-2AEE-426A-87EE-0EA5B98EBC23}.Debug|Any CPU.ActiveCfg = Debug|Any CPU
		{304D8B5D-2AEE-426A-87EE-0EA5B98EBC23}.Debug|Any CPU.Build.0 = Debug|Any CPU
		{304D8B5D-2AEE-426A-87EE-0EA5B98EBC23}.Release|Any CPU.ActiveCfg = Release|Any CPU
		{304D8B5D-2AEE-426A-87EE-0EA5B98EBC23}.Release|Any CPU.Build.0 = Release|Any CPU
		{AD400E1A-B06B-47CB-BB38-9B95A08E6992}.Debug|Any CPU.ActiveCfg = Debug|Any CPU
		{AD400E1A-B06B-47CB-BB38-9B95A08E6992}.Debug|Any CPU.Build.0 = Debug|Any CPU
		{AD400E1A-B06B-47CB-BB38-9B95A08E6992}.Release|Any CPU.ActiveCfg = Release|Any CPU
		{AD400E1A-B06B-47CB-BB38-9B95A08E6992}.Release|Any CPU.Build.0 = Release|Any CPU
		{9150F07D-278A-4A99-B6EA-479749E14670}.Debug|Any CPU.ActiveCfg = Debug|Any CPU
		{9150F07D-278A-4A99-B6EA-479749E14670}.Debug|Any CPU.Build.0 = Debug|Any CPU
		{9150F07D-278A-4A99-B6EA-479749E14670}.Release|Any CPU.ActiveCfg = Release|Any CPU
		{9150F07D-278A-4A99-B6EA-479749E14670}.Release|Any CPU.Build.0 = Release|Any CPU
		{0F41B0DA-04B6-44BF-BFCD-AF8075946BA7}.Debug|Any CPU.ActiveCfg = Debug|Any CPU
		{0F41B0DA-04B6-44BF-BFCD-AF8075946BA7}.Debug|Any CPU.Build.0 = Debug|Any CPU
		{0F41B0DA-04B6-44BF-BFCD-AF8075946BA7}.Release|Any CPU.ActiveCfg = Release|Any CPU
		{0F41B0DA-04B6-44BF-BFCD-AF8075946BA7}.Release|Any CPU.Build.0 = Release|Any CPU
		{D19704C0-A550-454C-9EF0-5736034DE48D}.Debug|Any CPU.ActiveCfg = Debug|Any CPU
		{D19704C0-A550-454C-9EF0-5736034DE48D}.Debug|Any CPU.Build.0 = Debug|Any CPU
		{D19704C0-A550-454C-9EF0-5736034DE48D}.Release|Any CPU.ActiveCfg = Release|Any CPU
		{D19704C0-A550-454C-9EF0-5736034DE48D}.Release|Any CPU.Build.0 = Release|Any CPU
		{746C2CF3-E314-4960-811D-F1B16AB516D8}.Debug|Any CPU.ActiveCfg = Debug|Any CPU
		{746C2CF3-E314-4960-811D-F1B16AB516D8}.Debug|Any CPU.Build.0 = Debug|Any CPU
		{746C2CF3-E314-4960-811D-F1B16AB516D8}.Release|Any CPU.ActiveCfg = Release|Any CPU
		{746C2CF3-E314-4960-811D-F1B16AB516D8}.Release|Any CPU.Build.0 = Release|Any CPU
	EndGlobalSection
	GlobalSection(SolutionProperties) = preSolution
		HideSolutionNode = FALSE
	EndGlobalSection
	GlobalSection(NestedProjects) = preSolution
		{FCC2046E-7F00-44F7-B18E-EC5CD1B62EC9} = {C9445077-8A97-4CE1-88C7-1CE3CED1A8A7}
		{3348BDF7-7FA8-4C28-8510-F02E2D5B14E9} = {C9445077-8A97-4CE1-88C7-1CE3CED1A8A7}
		{2136E226-4856-4E52-97C7-50C401982B0F} = {FCC2046E-7F00-44F7-B18E-EC5CD1B62EC9}
		{AD6388AF-8B5D-4D76-9209-CC408773ED03} = {FCC2046E-7F00-44F7-B18E-EC5CD1B62EC9}
		{19A73BAF-6E72-4EDE-81FB-F4D757F4C69B} = {2136E226-4856-4E52-97C7-50C401982B0F}
		{DFAEE719-2F7F-4699-8839-4C04989A3976} = {AD6388AF-8B5D-4D76-9209-CC408773ED03}
		{93707418-9DBD-45B4-A37E-85C9ECE1F08C} = {FCC2046E-7F00-44F7-B18E-EC5CD1B62EC9}
		{14C5CE03-B029-4C83-9220-69FACF582670} = {93707418-9DBD-45B4-A37E-85C9ECE1F08C}
		{17820509-8916-4DDA-B60D-60DF75B2E04C} = {14C5CE03-B029-4C83-9220-69FACF582670}
		{7AFF701A-BCAA-42B2-9776-BCD574931FEE} = {14C5CE03-B029-4C83-9220-69FACF582670}
		{9579EC4B-7B98-478D-B303-2052FD1BD243} = {14C5CE03-B029-4C83-9220-69FACF582670}
		{69D04CAB-BB77-4292-9563-44FF005F99A8} = {14C5CE03-B029-4C83-9220-69FACF582670}
		{85FBC52D-2A64-42E6-86C5-D18226BE8726} = {17820509-8916-4DDA-B60D-60DF75B2E04C}
		{506A7CC5-227B-458A-85EA-96F84F042260} = {17820509-8916-4DDA-B60D-60DF75B2E04C}
		{92B019CC-F063-4B46-AE20-DDC375623EBC} = {17820509-8916-4DDA-B60D-60DF75B2E04C}
		{B3E31570-FD02-4E3F-8A2D-52096CCE3AE4} = {17820509-8916-4DDA-B60D-60DF75B2E04C}
		{672CC5B3-87ED-4B5F-ABAA-6AC56F388AE9} = {7AFF701A-BCAA-42B2-9776-BCD574931FEE}
		{88DBFC1B-5741-4D22-B854-3BA6B9602649} = {7AFF701A-BCAA-42B2-9776-BCD574931FEE}
		{304D8B5D-2AEE-426A-87EE-0EA5B98EBC23} = {7AFF701A-BCAA-42B2-9776-BCD574931FEE}
		{AD400E1A-B06B-47CB-BB38-9B95A08E6992} = {7AFF701A-BCAA-42B2-9776-BCD574931FEE}
		{9150F07D-278A-4A99-B6EA-479749E14670} = {9579EC4B-7B98-478D-B303-2052FD1BD243}
		{0F41B0DA-04B6-44BF-BFCD-AF8075946BA7} = {9579EC4B-7B98-478D-B303-2052FD1BD243}
		{D19704C0-A550-454C-9EF0-5736034DE48D} = {9579EC4B-7B98-478D-B303-2052FD1BD243}
		{746C2CF3-E314-4960-811D-F1B16AB516D8} = {9579EC4B-7B98-478D-B303-2052FD1BD243}
	EndGlobalSection
	GlobalSection(ExtensibilityGlobals) = postSolution
		SolutionGuid = {B55A0BDB-8645-4EAA-AE6B-6F2F0E4FC5F9}
	EndGlobalSection
EndGlobal
